
Microsoft Visual Studio Solution File, Format Version 12.00
# Visual Studio Version 17
VisualStudioVersion = 17.13.35825.156 d17.13
MinimumVisualStudioVersion = 10.0.40219.1
Project("{FAE04EC0-301F-11D3-BF4B-00C04F79EFBC}") = "ParentProcessApp", "ParentProcessApp\ParentProcessApp.csproj", "{DB3A5854-59FD-4D55-8DD2-CF525325AE0E}"
EndProject
Project("{FAE04EC0-301F-11D3-BF4B-00C04F79EFBC}") = "ChildProcessApp", "ChildProcessApp\ChildProcessApp.csproj", "{46DE2307-917D-4F64-88BF-ADDE4391FDE9}"
EndProject
Global
	GlobalSection(SolutionConfigurationPlatforms) = preSolution
		Debug|Any CPU = Debug|Any CPU
		Release|Any CPU = Release|Any CPU
	EndGlobalSection
	GlobalSection(ProjectConfigurationPlatforms) = postSolution
		{DB3A5854-59FD-4D55-8DD2-CF525325AE0E}.Debug|Any CPU.ActiveCfg = Debug|Any CPU
		{DB3A5854-59FD-4D55-8DD2-CF525325AE0E}.Debug|Any CPU.Build.0 = Debug|Any CPU
		{DB3A5854-59FD-4D55-8DD2-CF525325AE0E}.Release|Any CPU.ActiveCfg = Release|Any CPU
		{DB3A5854-59FD-4D55-8DD2-CF525325AE0E}.Release|Any CPU.Build.0 = Release|Any CPU
		{46DE2307-917D-4F64-88BF-ADDE4391FDE9}.Debug|Any CPU.ActiveCfg = Debug|Any CPU
		{46DE2307-917D-4F64-88BF-ADDE4391FDE9}.Debug|Any CPU.Build.0 = Debug|Any CPU
		{46DE2307-917D-4F64-88BF-ADDE4391FDE9}.Release|Any CPU.ActiveCfg = Release|Any CPU
		{46DE2307-917D-4F64-88BF-ADDE4391FDE9}.Release|Any CPU.Build.0 = Release|Any CPU
	EndGlobalSection
	GlobalSection(SolutionProperties) = preSolution
		HideSolutionNode = FALSE
	EndGlobalSection
	GlobalSection(ExtensibilityGlobals) = postSolution
		SolutionGuid = {938D0C1A-3116-42A6-8882-ACCCB12EE1E2}
	EndGlobalSection
EndGlobal
